
Microsoft Visual Studio Solution File, Format Version 12.00
# Visual Studio 15
VisualStudioVersion = 15.0.27703.2042
MinimumVisualStudioVersion = 10.0.40219.1
Project("{9A19103F-16F7-4668-BE54-9A1E7A4F7556}") = "MonoStream-Core", "MonoStream-Core.csproj", "{8E238768-8951-4CE7-91FD-F9EA034B5BB8}"
EndProject
Project("{FAE04EC0-301F-11D3-BF4B-00C04F79EFBC}") = "MonoStream-Mono", "C:\Users\nils\Documents\Visual Studio 2017\Projects\SharpZipLib\MonoStream\MonoStream-Mono.csproj", "{F7F7FCB9-7328-43AC-B3E8-760F341A9EEC}"
EndProject
Global
	GlobalSection(SolutionConfigurationPlatforms) = preSolution
		Debug|Any CPU = Debug|Any CPU
		Release|Any CPU = Release|Any CPU
	EndGlobalSection
	GlobalSection(ProjectConfigurationPlatforms) = postSolution
		{8E238768-8951-4CE7-91FD-F9EA034B5BB8}.Debug|Any CPU.ActiveCfg = Debug|Any CPU
		{8E238768-8951-4CE7-91FD-F9EA034B5BB8}.Debug|Any CPU.Build.0 = Debug|Any CPU
		{8E238768-8951-4CE7-91FD-F9EA034B5BB8}.Release|Any CPU.ActiveCfg = Release|Any CPU
		{8E238768-8951-4CE7-91FD-F9EA034B5BB8}.Release|Any CPU.Build.0 = Release|Any CPU
		{F7F7FCB9-7328-43AC-B3E8-760F341A9EEC}.Debug|Any CPU.ActiveCfg = Debug|Any CPU
		{F7F7FCB9-7328-43AC-B3E8-760F341A9EEC}.Debug|Any CPU.Build.0 = Debug|Any CPU
		{F7F7FCB9-7328-43AC-B3E8-760F341A9EEC}.Release|Any CPU.ActiveCfg = Release|Any CPU
		{F7F7FCB9-7328-43AC-B3E8-760F341A9EEC}.Release|Any CPU.Build.0 = Release|Any CPU
	EndGlobalSection
	GlobalSection(SolutionProperties) = preSolution
		HideSolutionNode = FALSE
	EndGlobalSection
	GlobalSection(ExtensibilityGlobals) = postSolution
		SolutionGuid = {263F9520-FF3C-429D-A0EF-47B7187626D1}
	EndGlobalSection
EndGlobal
